
Microsoft Visual Studio Solution File, Format Version 12.00
# Visual Studio 15
Project("{FAE04EC0-301F-11D3-BF4B-00C04F79EFBC}") = "UnityEngine.UI", "UnityEngine.UI.csproj", "{46BBE351-9257-E737-44E7-1F57D0E62A03}"
EndProject
Project("{FAE04EC0-301F-11D3-BF4B-00C04F79EFBC}") = "UnityEngine.TestRunner", "UnityEngine.TestRunner.csproj", "{A2CEB22A-A86E-678A-EC92-31EF244FD0EE}"
EndProject
Project("{FAE04EC0-301F-11D3-BF4B-00C04F79EFBC}") = "Unity.2D.Animation.Triangle.Runtime", "Unity.2D.Animation.Triangle.Runtime.csproj", "{6277DC2C-7FE3-DD49-E7CF-6DE2E46238B7}"
EndProject
Project("{FAE04EC0-301F-11D3-BF4B-00C04F79EFBC}") = "Assembly-CSharp", "Assembly-CSharp.csproj", "{5EB9C49E-6829-17D4-4654-AC58C7C57C19}"
EndProject
Project("{FAE04EC0-301F-11D3-BF4B-00C04F79EFBC}") = "Unity.TextMeshPro", "Unity.TextMeshPro.csproj", "{3F4886B4-B0E9-13FF-74BF-330836046F78}"
EndProject
Project("{FAE04EC0-301F-11D3-BF4B-00C04F79EFBC}") = "Unity.2D.Animation.Runtime", "Unity.2D.Animation.Runtime.csproj", "{E6907E75-A03E-E57C-7B2B-43ED9D9A4AAB}"
EndProject
Project("{FAE04EC0-301F-11D3-BF4B-00C04F79EFBC}") = "Unity.Timeline", "Unity.Timeline.csproj", "{5D0FB9B9-81F6-954E-225A-D93959DAB2ED}"
EndProject
Project("{FAE04EC0-301F-11D3-BF4B-00C04F79EFBC}") = "Unity.Mathematics", "Unity.Mathematics.csproj", "{11B048F5-F3A2-C1E4-CE92-73604B5F64C7}"
EndProject
Project("{FAE04EC0-301F-11D3-BF4B-00C04F79EFBC}") = "Unity.2D.SpriteShape.Runtime", "Unity.2D.SpriteShape.Runtime.csproj", "{377317A6-8E86-61EA-F524-BAC78B01037E}"
EndProject
Project("{FAE04EC0-301F-11D3-BF4B-00C04F79EFBC}") = "Unity.2D.PixelPerfect", "Unity.2D.PixelPerfect.csproj", "{3E50A267-C8E7-CB49-495C-CBFFE962480B}"
EndProject
Project("{FAE04EC0-301F-11D3-BF4B-00C04F79EFBC}") = "Unity.InternalAPIEngineBridge.001", "Unity.InternalAPIEngineBridge.001.csproj", "{B322757A-5990-5198-FB15-D09034D1D5F8}"
EndProject
Project("{FAE04EC0-301F-11D3-BF4B-00C04F79EFBC}") = "Unity.2D.Common.Runtime", "Unity.2D.Common.Runtime.csproj", "{6F422284-E3D7-A42B-C0A4-DB1FCDBF7319}"
EndProject
Project("{FAE04EC0-301F-11D3-BF4B-00C04F79EFBC}") = "Unity.TextMeshPro.Editor", "Unity.TextMeshPro.Editor.csproj", "{8C785A45-0595-D7FD-4EC4-119E8E389513}"
EndProject
Project("{FAE04EC0-301F-11D3-BF4B-00C04F79EFBC}") = "Unity.Timeline.Editor", "Unity.Timeline.Editor.csproj", "{1F543551-8D0F-41C8-D640-AF6CB818FEAB}"
EndProject
Project("{FAE04EC0-301F-11D3-BF4B-00C04F79EFBC}") = "Unity.CollabProxy.Editor", "Unity.CollabProxy.Editor.csproj", "{1D211767-B10C-9040-6450-302C2248AC25}"
EndProject
Project("{FAE04EC0-301F-11D3-BF4B-00C04F79EFBC}") = "UnityEditor.TestRunner", "UnityEditor.TestRunner.csproj", "{790D9249-D847-5436-AE9A-DD2F4C8B7BD7}"
EndProject
Project("{FAE04EC0-301F-11D3-BF4B-00C04F79EFBC}") = "Unity.2D.Animation.Editor", "Unity.2D.Animation.Editor.csproj", "{4F757E71-67AC-9528-051A-0F53B57F182F}"
EndProject
Project("{FAE04EC0-301F-11D3-BF4B-00C04F79EFBC}") = "Unity.2D.Path.Editor", "Unity.2D.Path.Editor.csproj", "{B5FD4AEB-52DD-46CC-2428-41311CD66150}"
EndProject
Project("{FAE04EC0-301F-11D3-BF4B-00C04F79EFBC}") = "Unity.2D.Sprite.Editor", "Unity.2D.Sprite.Editor.csproj", "{60815009-5128-653F-2D07-78501066F8A6}"
EndProject
Project("{FAE04EC0-301F-11D3-BF4B-00C04F79EFBC}") = "UnityEditor.UI", "UnityEditor.UI.csproj", "{ACA9E064-232F-1A9D-2335-32668A2120C0}"
EndProject
Project("{FAE04EC0-301F-11D3-BF4B-00C04F79EFBC}") = "Unity.Rider.Editor", "Unity.Rider.Editor.csproj", "{F7E6D169-62DD-35A9-8A2E-7F198E7ACFD1}"
EndProject
Project("{FAE04EC0-301F-11D3-BF4B-00C04F79EFBC}") = "Unity.2D.Tilemap.Editor", "Unity.2D.Tilemap.Editor.csproj", "{5AFF35CD-8CBA-E184-E792-F8B6C3D2BF9A}"
EndProject
Project("{FAE04EC0-301F-11D3-BF4B-00C04F79EFBC}") = "Unity.VisualStudio.Editor", "Unity.VisualStudio.Editor.csproj", "{E903C9C8-C719-28CF-77F5-C459853CCA66}"
EndProject
Project("{FAE04EC0-301F-11D3-BF4B-00C04F79EFBC}") = "Unity.2D.SpriteShape.Editor", "Unity.2D.SpriteShape.Editor.csproj", "{1572FF61-B24B-6EE5-9BA3-F86B99D2DF93}"
EndProject
Project("{FAE04EC0-301F-11D3-BF4B-00C04F79EFBC}") = "PsdPlugin", "PsdPlugin.csproj", "{FDE7BB89-7CB7-39D1-E890-D7428A92961B}"
EndProject
Project("{FAE04EC0-301F-11D3-BF4B-00C04F79EFBC}") = "Unity.2D.Common.Editor", "Unity.2D.Common.Editor.csproj", "{DA430570-9463-F71F-05E6-91A74E173E8D}"
EndProject
Project("{FAE04EC0-301F-11D3-BF4B-00C04F79EFBC}") = "Unity.VSCode.Editor", "Unity.VSCode.Editor.csproj", "{6EF229ED-B728-40DF-9985-C5E9917E9D05}"
EndProject
Project("{FAE04EC0-301F-11D3-BF4B-00C04F79EFBC}") = "Unity.2D.Psdimporter.Editor", "Unity.2D.Psdimporter.Editor.csproj", "{403CB60F-47AA-7361-0A7E-C92BA930FD75}"
EndProject
Project("{FAE04EC0-301F-11D3-BF4B-00C04F79EFBC}") = "Unity.2D.PixelPerfect.Editor", "Unity.2D.PixelPerfect.Editor.csproj", "{8C8707AF-CF9A-2989-248E-8CA03C3BD34C}"
EndProject
Project("{FAE04EC0-301F-11D3-BF4B-00C04F79EFBC}") = "Unity.Mathematics.Editor", "Unity.Mathematics.Editor.csproj", "{F2D4A5BF-C8B6-8D94-5418-474901AF93A2}"
EndProject
Project("{FAE04EC0-301F-11D3-BF4B-00C04F79EFBC}") = "Unity.InternalAPIEditorBridge.001", "Unity.InternalAPIEditorBridge.001.csproj", "{5A3C30A7-7C7F-3669-6515-E2F3F9CD7E70}"
EndProject
Project("{FAE04EC0-301F-11D3-BF4B-00C04F79EFBC}") = "UnityEngine.UI", "UnityEngine.UI.Player.csproj", "{058E0CBE-B414-DF50-DAF9-ECA9C3EE18F0}"
EndProject
Project("{FAE04EC0-301F-11D3-BF4B-00C04F79EFBC}") = "UnityEngine.TestRunner", "UnityEngine.TestRunner.Player.csproj", "{49E0DC28-08CD-9328-F27A-62FD118496B4}"
EndProject
Project("{FAE04EC0-301F-11D3-BF4B-00C04F79EFBC}") = "Unity.2D.Animation.Triangle.Runtime", "Unity.2D.Animation.Triangle.Runtime.Player.csproj", "{BA3292CD-E013-FD57-9ACC-1EA6B4425EBF}"
EndProject
Project("{FAE04EC0-301F-11D3-BF4B-00C04F79EFBC}") = "Assembly-CSharp", "Assembly-CSharp.Player.csproj", "{933D55BD-FFCC-4C79-6524-447AD37AD248}"
EndProject
Project("{FAE04EC0-301F-11D3-BF4B-00C04F79EFBC}") = "Unity.TextMeshPro", "Unity.TextMeshPro.Player.csproj", "{276B8A39-7D40-BFE6-E07A-405DBAB43B53}"
EndProject
Project("{FAE04EC0-301F-11D3-BF4B-00C04F79EFBC}") = "Unity.2D.Animation.Runtime", "Unity.2D.Animation.Runtime.Player.csproj", "{8AB0783E-06FD-211A-B60F-866DEBE477FA}"
EndProject
Project("{FAE04EC0-301F-11D3-BF4B-00C04F79EFBC}") = "Unity.Timeline", "Unity.Timeline.Player.csproj", "{523712D1-7586-5694-07A6-AD8EF9BCEA7D}"
EndProject
Project("{FAE04EC0-301F-11D3-BF4B-00C04F79EFBC}") = "Unity.Mathematics", "Unity.Mathematics.Player.csproj", "{38123A3C-273A-AD69-2D90-4FF39242AB98}"
EndProject
Project("{FAE04EC0-301F-11D3-BF4B-00C04F79EFBC}") = "Unity.2D.SpriteShape.Runtime", "Unity.2D.SpriteShape.Runtime.Player.csproj", "{3A56DF14-9EC8-E7F6-C5E8-8C3233C7012E}"
EndProject
Project("{FAE04EC0-301F-11D3-BF4B-00C04F79EFBC}") = "Unity.2D.PixelPerfect", "Unity.2D.PixelPerfect.Player.csproj", "{17BB30E8-A57B-AD27-B256-C772DA83B8CA}"
EndProject
Project("{FAE04EC0-301F-11D3-BF4B-00C04F79EFBC}") = "Unity.InternalAPIEngineBridge.001", "Unity.InternalAPIEngineBridge.001.Player.csproj", "{33A6A021-2DE4-0456-7419-FEAF45752C04}"
EndProject
Project("{FAE04EC0-301F-11D3-BF4B-00C04F79EFBC}") = "Unity.2D.Common.Runtime", "Unity.2D.Common.Runtime.Player.csproj", "{DE544918-7D2A-99F9-16A0-CB8D1E0F0E73}"
EndProject
Global
	GlobalSection(SolutionConfigurationPlatforms) = preSolution
		Debug|Any CPU = Debug|Any CPU
		Release|Any CPU = Release|Any CPU
	EndGlobalSection
	GlobalSection(ProjectConfigurationPlatforms) = postSolution
		{46BBE351-9257-E737-44E7-1F57D0E62A03}.Debug|Any CPU.ActiveCfg = Debug|Any CPU
		{46BBE351-9257-E737-44E7-1F57D0E62A03}.Debug|Any CPU.Build.0 = Debug|Any CPU
		{46BBE351-9257-E737-44E7-1F57D0E62A03}.Release|Any CPU.ActiveCfg = Release|Any CPU
		{46BBE351-9257-E737-44E7-1F57D0E62A03}.Release|Any CPU.Build.0 = Release|Any CPU
		{A2CEB22A-A86E-678A-EC92-31EF244FD0EE}.Debug|Any CPU.ActiveCfg = Debug|Any CPU
		{A2CEB22A-A86E-678A-EC92-31EF244FD0EE}.Debug|Any CPU.Build.0 = Debug|Any CPU
		{A2CEB22A-A86E-678A-EC92-31EF244FD0EE}.Release|Any CPU.ActiveCfg = Release|Any CPU
		{A2CEB22A-A86E-678A-EC92-31EF244FD0EE}.Release|Any CPU.Build.0 = Release|Any CPU
		{6277DC2C-7FE3-DD49-E7CF-6DE2E46238B7}.Debug|Any CPU.ActiveCfg = Debug|Any CPU
		{6277DC2C-7FE3-DD49-E7CF-6DE2E46238B7}.Debug|Any CPU.Build.0 = Debug|Any CPU
		{6277DC2C-7FE3-DD49-E7CF-6DE2E46238B7}.Release|Any CPU.ActiveCfg = Release|Any CPU
		{6277DC2C-7FE3-DD49-E7CF-6DE2E46238B7}.Release|Any CPU.Build.0 = Release|Any CPU
		{5EB9C49E-6829-17D4-4654-AC58C7C57C19}.Debug|Any CPU.ActiveCfg = Debug|Any CPU
		{5EB9C49E-6829-17D4-4654-AC58C7C57C19}.Debug|Any CPU.Build.0 = Debug|Any CPU
		{5EB9C49E-6829-17D4-4654-AC58C7C57C19}.Release|Any CPU.ActiveCfg = Release|Any CPU
		{5EB9C49E-6829-17D4-4654-AC58C7C57C19}.Release|Any CPU.Build.0 = Release|Any CPU
		{3F4886B4-B0E9-13FF-74BF-330836046F78}.Debug|Any CPU.ActiveCfg = Debug|Any CPU
		{3F4886B4-B0E9-13FF-74BF-330836046F78}.Debug|Any CPU.Build.0 = Debug|Any CPU
		{3F4886B4-B0E9-13FF-74BF-330836046F78}.Release|Any CPU.ActiveCfg = Release|Any CPU
		{3F4886B4-B0E9-13FF-74BF-330836046F78}.Release|Any CPU.Build.0 = Release|Any CPU
		{E6907E75-A03E-E57C-7B2B-43ED9D9A4AAB}.Debug|Any CPU.ActiveCfg = Debug|Any CPU
		{E6907E75-A03E-E57C-7B2B-43ED9D9A4AAB}.Debug|Any CPU.Build.0 = Debug|Any CPU
		{E6907E75-A03E-E57C-7B2B-43ED9D9A4AAB}.Release|Any CPU.ActiveCfg = Release|Any CPU
		{E6907E75-A03E-E57C-7B2B-43ED9D9A4AAB}.Release|Any CPU.Build.0 = Release|Any CPU
		{5D0FB9B9-81F6-954E-225A-D93959DAB2ED}.Debug|Any CPU.ActiveCfg = Debug|Any CPU
		{5D0FB9B9-81F6-954E-225A-D93959DAB2ED}.Debug|Any CPU.Build.0 = Debug|Any CPU
		{5D0FB9B9-81F6-954E-225A-D93959DAB2ED}.Release|Any CPU.ActiveCfg = Release|Any CPU
		{5D0FB9B9-81F6-954E-225A-D93959DAB2ED}.Release|Any CPU.Build.0 = Release|Any CPU
		{11B048F5-F3A2-C1E4-CE92-73604B5F64C7}.Debug|Any CPU.ActiveCfg = Debug|Any CPU
		{11B048F5-F3A2-C1E4-CE92-73604B5F64C7}.Debug|Any CPU.Build.0 = Debug|Any CPU
		{11B048F5-F3A2-C1E4-CE92-73604B5F64C7}.Release|Any CPU.ActiveCfg = Release|Any CPU
		{11B048F5-F3A2-C1E4-CE92-73604B5F64C7}.Release|Any CPU.Build.0 = Release|Any CPU
		{377317A6-8E86-61EA-F524-BAC78B01037E}.Debug|Any CPU.ActiveCfg = Debug|Any CPU
		{377317A6-8E86-61EA-F524-BAC78B01037E}.Debug|Any CPU.Build.0 = Debug|Any CPU
		{377317A6-8E86-61EA-F524-BAC78B01037E}.Release|Any CPU.ActiveCfg = Release|Any CPU
		{377317A6-8E86-61EA-F524-BAC78B01037E}.Release|Any CPU.Build.0 = Release|Any CPU
		{3E50A267-C8E7-CB49-495C-CBFFE962480B}.Debug|Any CPU.ActiveCfg = Debug|Any CPU
		{3E50A267-C8E7-CB49-495C-CBFFE962480B}.Debug|Any CPU.Build.0 = Debug|Any CPU
		{3E50A267-C8E7-CB49-495C-CBFFE962480B}.Release|Any CPU.ActiveCfg = Release|Any CPU
		{3E50A267-C8E7-CB49-495C-CBFFE962480B}.Release|Any CPU.Build.0 = Release|Any CPU
		{B322757A-5990-5198-FB15-D09034D1D5F8}.Debug|Any CPU.ActiveCfg = Debug|Any CPU
		{B322757A-5990-5198-FB15-D09034D1D5F8}.Debug|Any CPU.Build.0 = Debug|Any CPU
		{B322757A-5990-5198-FB15-D09034D1D5F8}.Release|Any CPU.ActiveCfg = Release|Any CPU
		{B322757A-5990-5198-FB15-D09034D1D5F8}.Release|Any CPU.Build.0 = Release|Any CPU
		{6F422284-E3D7-A42B-C0A4-DB1FCDBF7319}.Debug|Any CPU.ActiveCfg = Debug|Any CPU
		{6F422284-E3D7-A42B-C0A4-DB1FCDBF7319}.Debug|Any CPU.Build.0 = Debug|Any CPU
		{6F422284-E3D7-A42B-C0A4-DB1FCDBF7319}.Release|Any CPU.ActiveCfg = Release|Any CPU
		{6F422284-E3D7-A42B-C0A4-DB1FCDBF7319}.Release|Any CPU.Build.0 = Release|Any CPU
		{8C785A45-0595-D7FD-4EC4-119E8E389513}.Debug|Any CPU.ActiveCfg = Debug|Any CPU
		{8C785A45-0595-D7FD-4EC4-119E8E389513}.Debug|Any CPU.Build.0 = Debug|Any CPU
		{8C785A45-0595-D7FD-4EC4-119E8E389513}.Release|Any CPU.ActiveCfg = Release|Any CPU
		{8C785A45-0595-D7FD-4EC4-119E8E389513}.Release|Any CPU.Build.0 = Release|Any CPU
		{1F543551-8D0F-41C8-D640-AF6CB818FEAB}.Debug|Any CPU.ActiveCfg = Debug|Any CPU
		{1F543551-8D0F-41C8-D640-AF6CB818FEAB}.Debug|Any CPU.Build.0 = Debug|Any CPU
		{1F543551-8D0F-41C8-D640-AF6CB818FEAB}.Release|Any CPU.ActiveCfg = Release|Any CPU
		{1F543551-8D0F-41C8-D640-AF6CB818FEAB}.Release|Any CPU.Build.0 = Release|Any CPU
		{1D211767-B10C-9040-6450-302C2248AC25}.Debug|Any CPU.ActiveCfg = Debug|Any CPU
		{1D211767-B10C-9040-6450-302C2248AC25}.Debug|Any CPU.Build.0 = Debug|Any CPU
		{1D211767-B10C-9040-6450-302C2248AC25}.Release|Any CPU.ActiveCfg = Release|Any CPU
		{1D211767-B10C-9040-6450-302C2248AC25}.Release|Any CPU.Build.0 = Release|Any CPU
		{790D9249-D847-5436-AE9A-DD2F4C8B7BD7}.Debug|Any CPU.ActiveCfg = Debug|Any CPU
		{790D9249-D847-5436-AE9A-DD2F4C8B7BD7}.Debug|Any CPU.Build.0 = Debug|Any CPU
		{790D9249-D847-5436-AE9A-DD2F4C8B7BD7}.Release|Any CPU.ActiveCfg = Release|Any CPU
		{790D9249-D847-5436-AE9A-DD2F4C8B7BD7}.Release|Any CPU.Build.0 = Release|Any CPU
		{4F757E71-67AC-9528-051A-0F53B57F182F}.Debug|Any CPU.ActiveCfg = Debug|Any CPU
		{4F757E71-67AC-9528-051A-0F53B57F182F}.Debug|Any CPU.Build.0 = Debug|Any CPU
		{4F757E71-67AC-9528-051A-0F53B57F182F}.Release|Any CPU.ActiveCfg = Release|Any CPU
		{4F757E71-67AC-9528-051A-0F53B57F182F}.Release|Any CPU.Build.0 = Release|Any CPU
		{B5FD4AEB-52DD-46CC-2428-41311CD66150}.Debug|Any CPU.ActiveCfg = Debug|Any CPU
		{B5FD4AEB-52DD-46CC-2428-41311CD66150}.Debug|Any CPU.Build.0 = Debug|Any CPU
		{B5FD4AEB-52DD-46CC-2428-41311CD66150}.Release|Any CPU.ActiveCfg = Release|Any CPU
		{B5FD4AEB-52DD-46CC-2428-41311CD66150}.Release|Any CPU.Build.0 = Release|Any CPU
		{60815009-5128-653F-2D07-78501066F8A6}.Debug|Any CPU.ActiveCfg = Debug|Any CPU
		{60815009-5128-653F-2D07-78501066F8A6}.Debug|Any CPU.Build.0 = Debug|Any CPU
		{60815009-5128-653F-2D07-78501066F8A6}.Release|Any CPU.ActiveCfg = Release|Any CPU
		{60815009-5128-653F-2D07-78501066F8A6}.Release|Any CPU.Build.0 = Release|Any CPU
		{ACA9E064-232F-1A9D-2335-32668A2120C0}.Debug|Any CPU.ActiveCfg = Debug|Any CPU
		{ACA9E064-232F-1A9D-2335-32668A2120C0}.Debug|Any CPU.Build.0 = Debug|Any CPU
		{ACA9E064-232F-1A9D-2335-32668A2120C0}.Release|Any CPU.ActiveCfg = Release|Any CPU
		{ACA9E064-232F-1A9D-2335-32668A2120C0}.Release|Any CPU.Build.0 = Release|Any CPU
		{F7E6D169-62DD-35A9-8A2E-7F198E7ACFD1}.Debug|Any CPU.ActiveCfg = Debug|Any CPU
		{F7E6D169-62DD-35A9-8A2E-7F198E7ACFD1}.Debug|Any CPU.Build.0 = Debug|Any CPU
		{F7E6D169-62DD-35A9-8A2E-7F198E7ACFD1}.Release|Any CPU.ActiveCfg = Release|Any CPU
		{F7E6D169-62DD-35A9-8A2E-7F198E7ACFD1}.Release|Any CPU.Build.0 = Release|Any CPU
		{5AFF35CD-8CBA-E184-E792-F8B6C3D2BF9A}.Debug|Any CPU.ActiveCfg = Debug|Any CPU
		{5AFF35CD-8CBA-E184-E792-F8B6C3D2BF9A}.Debug|Any CPU.Build.0 = Debug|Any CPU
		{5AFF35CD-8CBA-E184-E792-F8B6C3D2BF9A}.Release|Any CPU.ActiveCfg = Release|Any CPU
		{5AFF35CD-8CBA-E184-E792-F8B6C3D2BF9A}.Release|Any CPU.Build.0 = Release|Any CPU
		{E903C9C8-C719-28CF-77F5-C459853CCA66}.Debug|Any CPU.ActiveCfg = Debug|Any CPU
		{E903C9C8-C719-28CF-77F5-C459853CCA66}.Debug|Any CPU.Build.0 = Debug|Any CPU
		{E903C9C8-C719-28CF-77F5-C459853CCA66}.Release|Any CPU.ActiveCfg = Release|Any CPU
		{E903C9C8-C719-28CF-77F5-C459853CCA66}.Release|Any CPU.Build.0 = Release|Any CPU
		{1572FF61-B24B-6EE5-9BA3-F86B99D2DF93}.Debug|Any CPU.ActiveCfg = Debug|Any CPU
		{1572FF61-B24B-6EE5-9BA3-F86B99D2DF93}.Debug|Any CPU.Build.0 = Debug|Any CPU
		{1572FF61-B24B-6EE5-9BA3-F86B99D2DF93}.Release|Any CPU.ActiveCfg = Release|Any CPU
		{1572FF61-B24B-6EE5-9BA3-F86B99D2DF93}.Release|Any CPU.Build.0 = Release|Any CPU
		{FDE7BB89-7CB7-39D1-E890-D7428A92961B}.Debug|Any CPU.ActiveCfg = Debug|Any CPU
		{FDE7BB89-7CB7-39D1-E890-D7428A92961B}.Debug|Any CPU.Build.0 = Debug|Any CPU
		{FDE7BB89-7CB7-39D1-E890-D7428A92961B}.Release|Any CPU.ActiveCfg = Release|Any CPU
		{FDE7BB89-7CB7-39D1-E890-D7428A92961B}.Release|Any CPU.Build.0 = Release|Any CPU
		{DA430570-9463-F71F-05E6-91A74E173E8D}.Debug|Any CPU.ActiveCfg = Debug|Any CPU
		{DA430570-9463-F71F-05E6-91A74E173E8D}.Debug|Any CPU.Build.0 = Debug|Any CPU
		{DA430570-9463-F71F-05E6-91A74E173E8D}.Release|Any CPU.ActiveCfg = Release|Any CPU
		{DA430570-9463-F71F-05E6-91A74E173E8D}.Release|Any CPU.Build.0 = Release|Any CPU
		{6EF229ED-B728-40DF-9985-C5E9917E9D05}.Debug|Any CPU.ActiveCfg = Debug|Any CPU
		{6EF229ED-B728-40DF-9985-C5E9917E9D05}.Debug|Any CPU.Build.0 = Debug|Any CPU
		{6EF229ED-B728-40DF-9985-C5E9917E9D05}.Release|Any CPU.ActiveCfg = Release|Any CPU
		{6EF229ED-B728-40DF-9985-C5E9917E9D05}.Release|Any CPU.Build.0 = Release|Any CPU
		{403CB60F-47AA-7361-0A7E-C92BA930FD75}.Debug|Any CPU.ActiveCfg = Debug|Any CPU
		{403CB60F-47AA-7361-0A7E-C92BA930FD75}.Debug|Any CPU.Build.0 = Debug|Any CPU
		{403CB60F-47AA-7361-0A7E-C92BA930FD75}.Release|Any CPU.ActiveCfg = Release|Any CPU
		{403CB60F-47AA-7361-0A7E-C92BA930FD75}.Release|Any CPU.Build.0 = Release|Any CPU
		{8C8707AF-CF9A-2989-248E-8CA03C3BD34C}.Debug|Any CPU.ActiveCfg = Debug|Any CPU
		{8C8707AF-CF9A-2989-248E-8CA03C3BD34C}.Debug|Any CPU.Build.0 = Debug|Any CPU
		{8C8707AF-CF9A-2989-248E-8CA03C3BD34C}.Release|Any CPU.ActiveCfg = Release|Any CPU
		{8C8707AF-CF9A-2989-248E-8CA03C3BD34C}.Release|Any CPU.Build.0 = Release|Any CPU
		{F2D4A5BF-C8B6-8D94-5418-474901AF93A2}.Debug|Any CPU.ActiveCfg = Debug|Any CPU
		{F2D4A5BF-C8B6-8D94-5418-474901AF93A2}.Debug|Any CPU.Build.0 = Debug|Any CPU
		{F2D4A5BF-C8B6-8D94-5418-474901AF93A2}.Release|Any CPU.ActiveCfg = Release|Any CPU
		{F2D4A5BF-C8B6-8D94-5418-474901AF93A2}.Release|Any CPU.Build.0 = Release|Any CPU
		{5A3C30A7-7C7F-3669-6515-E2F3F9CD7E70}.Debug|Any CPU.ActiveCfg = Debug|Any CPU
		{5A3C30A7-7C7F-3669-6515-E2F3F9CD7E70}.Debug|Any CPU.Build.0 = Debug|Any CPU
		{5A3C30A7-7C7F-3669-6515-E2F3F9CD7E70}.Release|Any CPU.ActiveCfg = Release|Any CPU
		{5A3C30A7-7C7F-3669-6515-E2F3F9CD7E70}.Release|Any CPU.Build.0 = Release|Any CPU
		{058E0CBE-B414-DF50-DAF9-ECA9C3EE18F0}.Debug|Any CPU.ActiveCfg = Debug|Any CPU
		{058E0CBE-B414-DF50-DAF9-ECA9C3EE18F0}.Debug|Any CPU.Build.0 = Debug|Any CPU
		{058E0CBE-B414-DF50-DAF9-ECA9C3EE18F0}.Release|Any CPU.ActiveCfg = Release|Any CPU
		{058E0CBE-B414-DF50-DAF9-ECA9C3EE18F0}.Release|Any CPU.Build.0 = Release|Any CPU
		{49E0DC28-08CD-9328-F27A-62FD118496B4}.Debug|Any CPU.ActiveCfg = Debug|Any CPU
		{49E0DC28-08CD-9328-F27A-62FD118496B4}.Debug|Any CPU.Build.0 = Debug|Any CPU
		{49E0DC28-08CD-9328-F27A-62FD118496B4}.Release|Any CPU.ActiveCfg = Release|Any CPU
		{49E0DC28-08CD-9328-F27A-62FD118496B4}.Release|Any CPU.Build.0 = Release|Any CPU
		{BA3292CD-E013-FD57-9ACC-1EA6B4425EBF}.Debug|Any CPU.ActiveCfg = Debug|Any CPU
		{BA3292CD-E013-FD57-9ACC-1EA6B4425EBF}.Debug|Any CPU.Build.0 = Debug|Any CPU
		{BA3292CD-E013-FD57-9ACC-1EA6B4425EBF}.Release|Any CPU.ActiveCfg = Release|Any CPU
		{BA3292CD-E013-FD57-9ACC-1EA6B4425EBF}.Release|Any CPU.Build.0 = Release|Any CPU
		{933D55BD-FFCC-4C79-6524-447AD37AD248}.Debug|Any CPU.ActiveCfg = Debug|Any CPU
		{933D55BD-FFCC-4C79-6524-447AD37AD248}.Debug|Any CPU.Build.0 = Debug|Any CPU
		{933D55BD-FFCC-4C79-6524-447AD37AD248}.Release|Any CPU.ActiveCfg = Release|Any CPU
		{933D55BD-FFCC-4C79-6524-447AD37AD248}.Release|Any CPU.Build.0 = Release|Any CPU
		{276B8A39-7D40-BFE6-E07A-405DBAB43B53}.Debug|Any CPU.ActiveCfg = Debug|Any CPU
		{276B8A39-7D40-BFE6-E07A-405DBAB43B53}.Debug|Any CPU.Build.0 = Debug|Any CPU
		{276B8A39-7D40-BFE6-E07A-405DBAB43B53}.Release|Any CPU.ActiveCfg = Release|Any CPU
		{276B8A39-7D40-BFE6-E07A-405DBAB43B53}.Release|Any CPU.Build.0 = Release|Any CPU
		{8AB0783E-06FD-211A-B60F-866DEBE477FA}.Debug|Any CPU.ActiveCfg = Debug|Any CPU
		{8AB0783E-06FD-211A-B60F-866DEBE477FA}.Debug|Any CPU.Build.0 = Debug|Any CPU
		{8AB0783E-06FD-211A-B60F-866DEBE477FA}.Release|Any CPU.ActiveCfg = Release|Any CPU
		{8AB0783E-06FD-211A-B60F-866DEBE477FA}.Release|Any CPU.Build.0 = Release|Any CPU
		{523712D1-7586-5694-07A6-AD8EF9BCEA7D}.Debug|Any CPU.ActiveCfg = Debug|Any CPU
		{523712D1-7586-5694-07A6-AD8EF9BCEA7D}.Debug|Any CPU.Build.0 = Debug|Any CPU
		{523712D1-7586-5694-07A6-AD8EF9BCEA7D}.Release|Any CPU.ActiveCfg = Release|Any CPU
		{523712D1-7586-5694-07A6-AD8EF9BCEA7D}.Release|Any CPU.Build.0 = Release|Any CPU
		{38123A3C-273A-AD69-2D90-4FF39242AB98}.Debug|Any CPU.ActiveCfg = Debug|Any CPU
		{38123A3C-273A-AD69-2D90-4FF39242AB98}.Debug|Any CPU.Build.0 = Debug|Any CPU
		{38123A3C-273A-AD69-2D90-4FF39242AB98}.Release|Any CPU.ActiveCfg = Release|Any CPU
		{38123A3C-273A-AD69-2D90-4FF39242AB98}.Release|Any CPU.Build.0 = Release|Any CPU
		{3A56DF14-9EC8-E7F6-C5E8-8C3233C7012E}.Debug|Any CPU.ActiveCfg = Debug|Any CPU
		{3A56DF14-9EC8-E7F6-C5E8-8C3233C7012E}.Debug|Any CPU.Build.0 = Debug|Any CPU
		{3A56DF14-9EC8-E7F6-C5E8-8C3233C7012E}.Release|Any CPU.ActiveCfg = Release|Any CPU
		{3A56DF14-9EC8-E7F6-C5E8-8C3233C7012E}.Release|Any CPU.Build.0 = Release|Any CPU
		{17BB30E8-A57B-AD27-B256-C772DA83B8CA}.Debug|Any CPU.ActiveCfg = Debug|Any CPU
		{17BB30E8-A57B-AD27-B256-C772DA83B8CA}.Debug|Any CPU.Build.0 = Debug|Any CPU
		{17BB30E8-A57B-AD27-B256-C772DA83B8CA}.Release|Any CPU.ActiveCfg = Release|Any CPU
		{17BB30E8-A57B-AD27-B256-C772DA83B8CA}.Release|Any CPU.Build.0 = Release|Any CPU
		{33A6A021-2DE4-0456-7419-FEAF45752C04}.Debug|Any CPU.ActiveCfg = Debug|Any CPU
		{33A6A021-2DE4-0456-7419-FEAF45752C04}.Debug|Any CPU.Build.0 = Debug|Any CPU
		{33A6A021-2DE4-0456-7419-FEAF45752C04}.Release|Any CPU.ActiveCfg = Release|Any CPU
		{33A6A021-2DE4-0456-7419-FEAF45752C04}.Release|Any CPU.Build.0 = Release|Any CPU
		{DE544918-7D2A-99F9-16A0-CB8D1E0F0E73}.Debug|Any CPU.ActiveCfg = Debug|Any CPU
		{DE544918-7D2A-99F9-16A0-CB8D1E0F0E73}.Debug|Any CPU.Build.0 = Debug|Any CPU
		{DE544918-7D2A-99F9-16A0-CB8D1E0F0E73}.Release|Any CPU.ActiveCfg = Release|Any CPU
		{DE544918-7D2A-99F9-16A0-CB8D1E0F0E73}.Release|Any CPU.Build.0 = Release|Any CPU
	EndGlobalSection
	GlobalSection(SolutionProperties) = preSolution
		HideSolutionNode = FALSE
	EndGlobalSection
EndGlobal
